
Microsoft Visual Studio Solution File, Format Version 12.00
# Visual Studio Version 16
VisualStudioVersion = 16.0.32901.82
MinimumVisualStudioVersion = 10.0.40219.1
Project("{FAE04EC0-301F-11D3-BF4B-00C04F79EFBC}") = "EmployeeWebApp", "EmployeeWebApp\EmployeeWebApp.csproj", "{D12328EF-9EE0-4771-B155-6CD5EA853839}"
EndProject
Global
	GlobalSection(SolutionConfigurationPlatforms) = preSolution
		Debug|Any CPU = Debug|Any CPU
		Release|Any CPU = Release|Any CPU
	EndGlobalSection
	GlobalSection(ProjectConfigurationPlatforms) = postSolution
		{D12328EF-9EE0-4771-B155-6CD5EA853839}.Debug|Any CPU.ActiveCfg = Debug|Any CPU
		{D12328EF-9EE0-4771-B155-6CD5EA853839}.Debug|Any CPU.Build.0 = Debug|Any CPU
		{D12328EF-9EE0-4771-B155-6CD5EA853839}.Release|Any CPU.ActiveCfg = Release|Any CPU
		{D12328EF-9EE0-4771-B155-6CD5EA853839}.Release|Any CPU.Build.0 = Release|Any CPU
	EndGlobalSection
	GlobalSection(SolutionProperties) = preSolution
		HideSolutionNode = FALSE
	EndGlobalSection
	GlobalSection(ExtensibilityGlobals) = postSolution
		SolutionGuid = {2626594A-3A26-43D2-BF2B-56C1E9ACEA6D}
	EndGlobalSection
EndGlobal
